
Microsoft Visual Studio Solution File, Format Version 12.00
# Visual Studio Version 16
VisualStudioVersion = 16.0.31229.75
MinimumVisualStudioVersion = 10.0.40219.1
Project("{FAE04EC0-301F-11D3-BF4B-00C04F79EFBC}") = "Chess", "Chess.csproj", "{6F79B2E1-B549-46AC-8314-3F00A8777BEE}"
EndProject
Global
	GlobalSection(SolutionConfigurationPlatforms) = preSolution
		Debug|Any CPU = Debug|Any CPU
		Release|Any CPU = Release|Any CPU
	EndGlobalSection
	GlobalSection(ProjectConfigurationPlatforms) = postSolution
		{6F79B2E1-B549-46AC-8314-3F00A8777BEE}.Debug|Any CPU.ActiveCfg = Debug|Any CPU
		{6F79B2E1-B549-46AC-8314-3F00A8777BEE}.Debug|Any CPU.Build.0 = Debug|Any CPU
		{6F79B2E1-B549-46AC-8314-3F00A8777BEE}.Release|Any CPU.ActiveCfg = Release|Any CPU
		{6F79B2E1-B549-46AC-8314-3F00A8777BEE}.Release|Any CPU.Build.0 = Release|Any CPU
	EndGlobalSection
	GlobalSection(SolutionProperties) = preSolution
		HideSolutionNode = FALSE
	EndGlobalSection
	GlobalSection(ExtensibilityGlobals) = postSolution
		SolutionGuid = {CCB03ABA-122D-4ACC-879C-9ABA5938BC04}
	EndGlobalSection
EndGlobal
